github.com/hallgren/eventsourcing v0.0.13-0.20210111202915-0a25862e62b3 h1:Yoyx+SXfC1wzbGmm/gYigXgDE+DE8VOJEKvc7IcQuMI=
github.com/hallgren/eventsourcing v0.0.13-0.20210111202915-0a25862e62b3/go.mod h1:rODloJ0HuAQ4fGafaKciOMA/6vyTuCA01Ht1hyK2EWA=
github.com/hallgren/eventsourcing v0.0.13 h1:SF071Rjdo24BddAmBi+3VGGpX94oYXehIe1MfK3zudU=
github.com/hallgren/eventsourcing v0.0.13/go.mod h1:rODloJ0HuAQ4fGafaKciOMA/6vyTuCA01Ht1hyK2EWA=
github.com/hallgren/eventsourcing v0.0.16 h1:mE7FCyvKsjUMUT872wnoEF9RI9hzdp2FXOpQ8HdYK64=
github.com/hallgren/eventsourcing v0.0.16/go.mod h1:rODloJ0HuAQ4fGafaKciOMA/6vyTuCA01Ht1hyK2EWA=
github.com/hallgren/eventsourcing v0.0.18 h1:gHhT32bXakIOsE53dNDsw053AJESAUCDyQqgYy6sAxo=
github.com/hallgren/eventsourcing v0.0.18/go.mod h1:rODloJ0HuAQ4fGafaKciOMA/6vyTuCA01Ht1hyK2EWA=
github.com/hallgren/eventsourcing v0.0.19-0.20220112075710-12ad94b190ba h1:1KewoQyQ5c8QIaP5RrjGbAoE/XCnD/0hguC8Aw4lfiM=
github.com/hallgren/eventsourcing v0.0.19-0.20220112075710-12ad94b190ba/go.mod h1:rODloJ0HuAQ4fGafaKciOMA/6vyTuCA01Ht1hyK2EWA=
github.com/hallgren/eventsourcing v0.0.19-0.20220118202610-aedede509961 h1:HZDx+BW1rnsy9hlxVQMKSrGT6+3AKZHY9H9s4hiJbtA=
github.com/hallgren/eventsourcing v0.0.19-0.20220118202610-aedede509961/go.mod h1:rODloJ0HuAQ4fGafaKciOMA/6vyTuCA01Ht1hyK2EWA=
github.com/hallgren/eventsourcing v0.0.19 h1:qTLeJrqCqB4AJ4FaSLUQzLR5+pw/4Gy8GnWPWeRzwAM=
github.com/hallgren/eventsourcing v0.0.19/go.mod h1:rODloJ0HuAQ4fGafaKciOMA/6vyTuCA01Ht1hyK2EWA=
github.com/hallgren/eventsourcing v0.0.21 h1:17TrhBFEwYIEf1MWs9f9X7zH/sK8HkrdTxx+wfvOf/Q=
github.com/hallgren/eventsourcing v0.0.21/go.mod h1:rODloJ0HuAQ4fGafaKciOMA/6vyTuCA01Ht1hyK2EWA=
github.com/hallgren/eventsourcing v0.1.0 h1:cv4aRH3pLP1RErSPUcKrunFshp//+oDqeBGYWVRZU6g=
github.com/hallgren/eventsourcing v0.1.0/go.mod h1:A8sXP3jF1DvSgiNNRstPrgowj+gPsrxjBPcdsa6ZAUg=
github.com/hallgren/eventsourcing/core v0.1.0 h1:0KDxNioGb8BGpEh442Fm0Z994bsp3/tjieyKx0gZ3TE=
github.com/hallgren/eventsourcing/core v0.1.0/go.mod h1:rgo2kFwNVCb0bzUub5nOPlUYNlFkp1uUQBEQx5fM3Lk=
