github.com/hallgren/eventsourcing v0.3.0 h1:uP/aul8eki8uHLs4ouHLSNlFoZBaC9siHyw8B2ZtA2o=
github.com/hallgren/eventsourcing v0.3.0/go.mod h1:g2v+slU/ctICDtNsyh1F3NYgIYytaMUDPMssdkQDxv4=
github.com/hallgren/eventsourcing/core v0.3.0 h1:v6AC8+SEzZ0DAFfSRmyT+sFawBv3olHJFEWXm79FpjM=
github.com/hallgren/eventsourcing/core v0.3.0/go.mod h1:rgo2kFwNVCb0bzUub5nOPlUYNlFkp1uUQBEQx5fM3Lk=
