github.com/go-gorp/gorp v2.0.0+incompatible/go.mod h1:7IfkAQnO7jfT/9IQ3R9wL1dFhukN6aQxzKTHnkxzA/E=
github.com/hallgren/eventsourcing v0.0.13-0.20210111202915-0a25862e62b3 h1:Yoyx+SXfC1wzbGmm/gYigXgDE+DE8VOJEKvc7IcQuMI=
github.com/hallgren/eventsourcing v0.0.13-0.20210111202915-0a25862e62b3/go.mod h1:rODloJ0HuAQ4fGafaKciOMA/6vyTuCA01Ht1hyK2EWA=
github.com/hallgren/eventsourcing v0.0.13 h1:SF071Rjdo24BddAmBi+3VGGpX94oYXehIe1MfK3zudU=
github.com/hallgren/eventsourcing v0.0.13/go.mod h1:rODloJ0HuAQ4fGafaKciOMA/6vyTuCA01Ht1hyK2EWA=
github.com/hallgren/eventsourcing v0.0.14-0.20210113192340-2959a9ca8315 h1:WbqFAi9TCRq8dy/b82Acb/0FZNHm/FzKLBY1EFVYJII=
github.com/hallgren/eventsourcing v0.0.14-0.20210113192340-2959a9ca8315/go.mod h1:rODloJ0HuAQ4fGafaKciOMA/6vyTuCA01Ht1hyK2EWA=
github.com/hallgren/eventsourcing v0.0.14-0.20210114072928-b5738e88a5fc h1:UnnVHOouupYgg/AoqvZIkegy3fhj+jkiVEcF9I/uc98=
github.com/hallgren/eventsourcing v0.0.14-0.20210114072928-b5738e88a5fc/go.mod h1:rODloJ0HuAQ4fGafaKciOMA/6vyTuCA01Ht1hyK2EWA=
github.com/hallgren/eventsourcing v0.0.14 h1:ffoJtxPBiiZY8Q2Yl7R7ZAXx/f6kJhkBiOre/djAgfU=
github.com/hallgren/eventsourcing v0.0.14/go.mod h1:rODloJ0HuAQ4fGafaKciOMA/6vyTuCA01Ht1hyK2EWA=
github.com/hallgren/eventsourcing v0.0.16-0.20210319203315-2f601d76830b h1:413NqBfWvLlfDghNkhaAqknCnSv+z1PP3/UwbWRVE4Q=
github.com/hallgren/eventsourcing v0.0.16-0.20210319203315-2f601d76830b/go.mod h1:rODloJ0HuAQ4fGafaKciOMA/6vyTuCA01Ht1hyK2EWA=
github.com/hallgren/eventsourcing v0.0.16 h1:mE7FCyvKsjUMUT872wnoEF9RI9hzdp2FXOpQ8HdYK64=
github.com/hallgren/eventsourcing v0.0.16/go.mod h1:rODloJ0HuAQ4fGafaKciOMA/6vyTuCA01Ht1hyK2EWA=
github.com/hallgren/eventsourcing v0.0.17-0.20211026183521-6546ece25aa6 h1:vWvqLj6/f2LOZiJr0TtLK3QkAPUGY5uQQ/w7p3Xa4dE=
github.com/hallgren/eventsourcing v0.0.17-0.20211026183521-6546ece25aa6/go.mod h1:rODloJ0HuAQ4fGafaKciOMA/6vyTuCA01Ht1hyK2EWA=
github.com/hallgren/eventsourcing v0.0.17 h1:q0238t2Idswm2YYx03y+73O4ik/PIgMjgJyco1gkwDY=
github.com/hallgren/eventsourcing v0.0.17/go.mod h1:rODloJ0HuAQ4fGafaKciOMA/6vyTuCA01Ht1hyK2EWA=
github.com/hallgren/eventsourcing v0.0.18-0.20211221094849-f9df34ba1774 h1:bBAhj/sdwbzFVuQ86t/1g84PNrWwfTbIm600OlfGmj0=
github.com/hallgren/eventsourcing v0.0.18-0.20211221094849-f9df34ba1774/go.mod h1:rODloJ0HuAQ4fGafaKciOMA/6vyTuCA01Ht1hyK2EWA=
github.com/hallgren/eventsourcing v0.0.18 h1:gHhT32bXakIOsE53dNDsw053AJESAUCDyQqgYy6sAxo=
github.com/hallgren/eventsourcing v0.0.18/go.mod h1:rODloJ0HuAQ4fGafaKciOMA/6vyTuCA01Ht1hyK2EWA=
github.com/hallgren/eventsourcing v0.0.19-0.20220118202610-aedede509961 h1:HZDx+BW1rnsy9hlxVQMKSrGT6+3AKZHY9H9s4hiJbtA=
github.com/hallgren/eventsourcing v0.0.19-0.20220118202610-aedede509961/go.mod h1:rODloJ0HuAQ4fGafaKciOMA/6vyTuCA01Ht1hyK2EWA=
github.com/lib/pq v1.0.0/go.mod h1:5WUZQaWbwv1U+lTReE5YruASi9Al49XbQIvNi/34Woo=
github.com/proullon/ramsql v0.0.0-20181213202341-817cee58a244 h1:fdX2U+a2Rmc4BjRYcOKzjYXtYTE4ga1B2lb8i7BlefU=
github.com/proullon/ramsql v0.0.0-20181213202341-817cee58a244/go.mod h1:jG8oAQG0ZPHPyxg5QlMERS31airDC+ZuqiAe8DUvFVo=
github.com/proullon/ramsql v0.0.0-20211120092837-c8d0a408b939 h1:mtMU7aT8cTAyNL3O4RyOfe/OOUxwCN525SIbKQoUvw0=
github.com/proullon/ramsql v0.0.0-20211120092837-c8d0a408b939/go.mod h1:jG8oAQG0ZPHPyxg5QlMERS31airDC+ZuqiAe8DUvFVo=
