github.com/go-gorp/gorp v2.0.0+incompatible/go.mod h1:7IfkAQnO7jfT/9IQ3R9wL1dFhukN6aQxzKTHnkxzA/E=
github.com/hallgren/eventsourcing v0.0.13-0.20210111202915-0a25862e62b3 h1:Yoyx+SXfC1wzbGmm/gYigXgDE+DE8VOJEKvc7IcQuMI=
github.com/hallgren/eventsourcing v0.0.13-0.20210111202915-0a25862e62b3/go.mod h1:rODloJ0HuAQ4fGafaKciOMA/6vyTuCA01Ht1hyK2EWA=
github.com/hallgren/eventsourcing v0.0.13 h1:SF071Rjdo24BddAmBi+3VGGpX94oYXehIe1MfK3zudU=
github.com/hallgren/eventsourcing v0.0.13/go.mod h1:rODloJ0HuAQ4fGafaKciOMA/6vyTuCA01Ht1hyK2EWA=
github.com/hallgren/eventsourcing v0.0.14-0.20210113192340-2959a9ca8315 h1:WbqFAi9TCRq8dy/b82Acb/0FZNHm/FzKLBY1EFVYJII=
github.com/hallgren/eventsourcing v0.0.14-0.20210113192340-2959a9ca8315/go.mod h1:rODloJ0HuAQ4fGafaKciOMA/6vyTuCA01Ht1hyK2EWA=
github.com/lib/pq v1.0.0/go.mod h1:5WUZQaWbwv1U+lTReE5YruASi9Al49XbQIvNi/34Woo=
github.com/proullon/ramsql v0.0.0-20181213202341-817cee58a244 h1:fdX2U+a2Rmc4BjRYcOKzjYXtYTE4ga1B2lb8i7BlefU=
github.com/proullon/ramsql v0.0.0-20181213202341-817cee58a244/go.mod h1:jG8oAQG0ZPHPyxg5QlMERS31airDC+ZuqiAe8DUvFVo=
