github.com/gofrs/uuid v3.2.0+incompatible h1:y12jRkkFxsd7GpqdSZ+/KCs/fJbqpEXSGd4+jfEaewE=
github.com/gofrs/uuid v3.2.0+incompatible/go.mod h1:b2aQJv3Z4Fp6yNu3cdSllBxTCLRxnplIgP/c0N/04lM=
github.com/hallgren/eventsourcing v0.0.7-0.20200412202848-95b037191236 h1:M0emioj/eEj3mOZKGcY+73LygwBu+q+emr8LFp7UVgE=
github.com/hallgren/eventsourcing v0.0.7-0.20200412202848-95b037191236/go.mod h1:izcXwHWPZMV09PS2bZl7oHDcOvLV18INpxAoqbppp28=
github.com/mattn/go-sqlite3 v2.0.3+incompatible h1:gXHsfypPkaMZrKbD5209QV9jbUTJKjyR5WD3HYQSd+U=
github.com/mattn/go-sqlite3 v2.0.3+incompatible/go.mod h1:FPy6KqzDD04eiIsT53CuJW3U88zkxoIYsOqkbpncsNc=
