github.com/go-gorp/gorp v2.0.0+incompatible/go.mod h1:7IfkAQnO7jfT/9IQ3R9wL1dFhukN6aQxzKTHnkxzA/E=
github.com/hallgren/eventsourcing v0.0.7 h1:3DXs8KZKc7utgEgrn1zZlRwdQsj3oKzebajB0QUIivI=
github.com/hallgren/eventsourcing v0.0.7/go.mod h1:izcXwHWPZMV09PS2bZl7oHDcOvLV18INpxAoqbppp28=
github.com/hallgren/eventsourcing v0.0.9 h1:cZYZDxEbAecrKgmsna7UsJ80mJksFvYdgzJK+FTSKg8=
github.com/hallgren/eventsourcing v0.0.9/go.mod h1:izcXwHWPZMV09PS2bZl7oHDcOvLV18INpxAoqbppp28=
github.com/hallgren/eventsourcing v0.0.10 h1:PVIxXjxFWxNn0L7hIEYidIJnGZRl+zBppjABcVFr2Lg=
github.com/hallgren/eventsourcing v0.0.10/go.mod h1:ZJXLttfzuPo/43fbnMv/DNuerXpX6CaLJn2gbTWNkV0=
github.com/hallgren/eventsourcing v0.0.12-0.20210103154007-1d8381e0bf29 h1:HccvnuilXSPLGmU3tVgX/CTrHbYdn1EMtQH6BbRXBWA=
github.com/hallgren/eventsourcing v0.0.12-0.20210103154007-1d8381e0bf29/go.mod h1:BR/UEqq+BLYYpBvG3rPQf9J32ef1L7hbxbOsKkm2iVE=
github.com/hallgren/eventsourcing v0.0.12 h1:tuVpyL37fOyuRZ6X72lb2oifbM9AuoG2ooXZJO85hD8=
github.com/hallgren/eventsourcing v0.0.12/go.mod h1:BR/UEqq+BLYYpBvG3rPQf9J32ef1L7hbxbOsKkm2iVE=
github.com/hallgren/eventsourcing v0.0.13-0.20210109223351-4a30e9e8b8c9 h1:EYNBvM2/XZySHmeQ6kmGbymY9c8HBaLGSr4KuXWGvkE=
github.com/hallgren/eventsourcing v0.0.13-0.20210109223351-4a30e9e8b8c9/go.mod h1:AMrU9UIV22HKDpE0QJ4DGepR3s2DGH8gE0Uc+jqtMZs=
github.com/hallgren/eventsourcing v0.0.13-0.20210111202915-0a25862e62b3 h1:Yoyx+SXfC1wzbGmm/gYigXgDE+DE8VOJEKvc7IcQuMI=
github.com/hallgren/eventsourcing v0.0.13-0.20210111202915-0a25862e62b3/go.mod h1:rODloJ0HuAQ4fGafaKciOMA/6vyTuCA01Ht1hyK2EWA=
github.com/hallgren/eventsourcing v0.0.13 h1:SF071Rjdo24BddAmBi+3VGGpX94oYXehIe1MfK3zudU=
github.com/hallgren/eventsourcing v0.0.13/go.mod h1:rODloJ0HuAQ4fGafaKciOMA/6vyTuCA01Ht1hyK2EWA=
github.com/hallgren/eventsourcing v0.0.14 h1:ffoJtxPBiiZY8Q2Yl7R7ZAXx/f6kJhkBiOre/djAgfU=
github.com/hallgren/eventsourcing v0.0.14/go.mod h1:rODloJ0HuAQ4fGafaKciOMA/6vyTuCA01Ht1hyK2EWA=
github.com/hallgren/eventsourcing v0.0.15-0.20210308210900-d0214026cfcd h1:4p7I9iXBtK4to6dCc84RzTs3jzOie3vvXY3+STjbzAI=
github.com/hallgren/eventsourcing v0.0.15-0.20210308210900-d0214026cfcd/go.mod h1:rODloJ0HuAQ4fGafaKciOMA/6vyTuCA01Ht1hyK2EWA=
github.com/hallgren/eventsourcing v0.0.15-0.20210310221131-4bb8960a066e h1:dSge4E3Py+sVz9iaztkCmCjmyeFws6gwOsA/x+T7hhE=
github.com/hallgren/eventsourcing v0.0.15-0.20210310221131-4bb8960a066e/go.mod h1:rODloJ0HuAQ4fGafaKciOMA/6vyTuCA01Ht1hyK2EWA=
github.com/hallgren/eventsourcing v0.0.15-0.20210312153409-f001132bb326 h1:C3Rh/vhIugjiPSgv6tIPzynyNmaboQzThfsVZ8RiK1Q=
github.com/hallgren/eventsourcing v0.0.15-0.20210312153409-f001132bb326/go.mod h1:rODloJ0HuAQ4fGafaKciOMA/6vyTuCA01Ht1hyK2EWA=
github.com/hallgren/eventsourcing v0.0.15-0.20210313144026-b38f9554394c h1:em/0yxf4y9c3j7/0H1F8h+byG98whOchQinnuvSa0rQ=
github.com/hallgren/eventsourcing v0.0.15-0.20210313144026-b38f9554394c/go.mod h1:rODloJ0HuAQ4fGafaKciOMA/6vyTuCA01Ht1hyK2EWA=
github.com/hallgren/eventsourcing v0.0.15-0.20210314145608-b55ddc5cb95b h1:WgcXIYe0SR79q+5AAhJXwmkYrRdPfG2bhJ8iaTTm/Uw=
github.com/hallgren/eventsourcing v0.0.15-0.20210314145608-b55ddc5cb95b/go.mod h1:rODloJ0HuAQ4fGafaKciOMA/6vyTuCA01Ht1hyK2EWA=
github.com/hallgren/eventsourcing v0.0.15 h1:frMhbjokgNcFPmCSaxi2RNKwJLp04GPd0/Vx7qXLFAY=
github.com/hallgren/eventsourcing v0.0.15/go.mod h1:rODloJ0HuAQ4fGafaKciOMA/6vyTuCA01Ht1hyK2EWA=
github.com/hallgren/eventsourcing v0.0.16 h1:mE7FCyvKsjUMUT872wnoEF9RI9hzdp2FXOpQ8HdYK64=
github.com/hallgren/eventsourcing v0.0.16/go.mod h1:rODloJ0HuAQ4fGafaKciOMA/6vyTuCA01Ht1hyK2EWA=
github.com/hallgren/eventsourcing v0.0.17-0.20210416123647-9984a8d1d11c h1:aWd2q9tG2KIb0jEeznJEpfYXr5yBcLepeT+EwwIf4vU=
github.com/hallgren/eventsourcing v0.0.17-0.20210416123647-9984a8d1d11c/go.mod h1:rODloJ0HuAQ4fGafaKciOMA/6vyTuCA01Ht1hyK2EWA=
github.com/hallgren/eventsourcing v0.0.17-0.20211026183521-6546ece25aa6 h1:vWvqLj6/f2LOZiJr0TtLK3QkAPUGY5uQQ/w7p3Xa4dE=
github.com/hallgren/eventsourcing v0.0.17-0.20211026183521-6546ece25aa6/go.mod h1:rODloJ0HuAQ4fGafaKciOMA/6vyTuCA01Ht1hyK2EWA=
github.com/hallgren/eventsourcing v0.0.17 h1:q0238t2Idswm2YYx03y+73O4ik/PIgMjgJyco1gkwDY=
github.com/hallgren/eventsourcing v0.0.17/go.mod h1:rODloJ0HuAQ4fGafaKciOMA/6vyTuCA01Ht1hyK2EWA=
github.com/hallgren/eventsourcing v0.0.18-0.20211221094849-f9df34ba1774 h1:bBAhj/sdwbzFVuQ86t/1g84PNrWwfTbIm600OlfGmj0=
github.com/hallgren/eventsourcing v0.0.18-0.20211221094849-f9df34ba1774/go.mod h1:rODloJ0HuAQ4fGafaKciOMA/6vyTuCA01Ht1hyK2EWA=
github.com/hallgren/eventsourcing v0.0.18 h1:gHhT32bXakIOsE53dNDsw053AJESAUCDyQqgYy6sAxo=
github.com/hallgren/eventsourcing v0.0.18/go.mod h1:rODloJ0HuAQ4fGafaKciOMA/6vyTuCA01Ht1hyK2EWA=
github.com/lib/pq v1.0.0/go.mod h1:5WUZQaWbwv1U+lTReE5YruASi9Al49XbQIvNi/34Woo=
github.com/proullon/ramsql v0.0.0-20181213202341-817cee58a244 h1:fdX2U+a2Rmc4BjRYcOKzjYXtYTE4ga1B2lb8i7BlefU=
github.com/proullon/ramsql v0.0.0-20181213202341-817cee58a244/go.mod h1:jG8oAQG0ZPHPyxg5QlMERS31airDC+ZuqiAe8DUvFVo=
github.com/proullon/ramsql v0.0.0-20211120092837-c8d0a408b939 h1:mtMU7aT8cTAyNL3O4RyOfe/OOUxwCN525SIbKQoUvw0=
github.com/proullon/ramsql v0.0.0-20211120092837-c8d0a408b939/go.mod h1:jG8oAQG0ZPHPyxg5QlMERS31airDC+ZuqiAe8DUvFVo=
