github.com/hallgren/eventsourcing v0.0.13-0.20210111202915-0a25862e62b3 h1:Yoyx+SXfC1wzbGmm/gYigXgDE+DE8VOJEKvc7IcQuMI=
github.com/hallgren/eventsourcing v0.0.13-0.20210111202915-0a25862e62b3/go.mod h1:rODloJ0HuAQ4fGafaKciOMA/6vyTuCA01Ht1hyK2EWA=
github.com/hallgren/eventsourcing v0.0.13 h1:SF071Rjdo24BddAmBi+3VGGpX94oYXehIe1MfK3zudU=
github.com/hallgren/eventsourcing v0.0.13/go.mod h1:rODloJ0HuAQ4fGafaKciOMA/6vyTuCA01Ht1hyK2EWA=
github.com/hallgren/eventsourcing v0.0.14 h1:ffoJtxPBiiZY8Q2Yl7R7ZAXx/f6kJhkBiOre/djAgfU=
github.com/hallgren/eventsourcing v0.0.14/go.mod h1:rODloJ0HuAQ4fGafaKciOMA/6vyTuCA01Ht1hyK2EWA=
github.com/hallgren/eventsourcing v0.0.15-0.20210308210900-d0214026cfcd h1:4p7I9iXBtK4to6dCc84RzTs3jzOie3vvXY3+STjbzAI=
github.com/hallgren/eventsourcing v0.0.15-0.20210308210900-d0214026cfcd/go.mod h1:rODloJ0HuAQ4fGafaKciOMA/6vyTuCA01Ht1hyK2EWA=
github.com/hallgren/eventsourcing v0.0.15-0.20210310221131-4bb8960a066e h1:dSge4E3Py+sVz9iaztkCmCjmyeFws6gwOsA/x+T7hhE=
github.com/hallgren/eventsourcing v0.0.15-0.20210310221131-4bb8960a066e/go.mod h1:rODloJ0HuAQ4fGafaKciOMA/6vyTuCA01Ht1hyK2EWA=
github.com/hallgren/eventsourcing v0.0.15-0.20210312153409-f001132bb326 h1:C3Rh/vhIugjiPSgv6tIPzynyNmaboQzThfsVZ8RiK1Q=
github.com/hallgren/eventsourcing v0.0.15-0.20210312153409-f001132bb326/go.mod h1:rODloJ0HuAQ4fGafaKciOMA/6vyTuCA01Ht1hyK2EWA=
github.com/hallgren/eventsourcing v0.0.15-0.20210313144026-b38f9554394c h1:em/0yxf4y9c3j7/0H1F8h+byG98whOchQinnuvSa0rQ=
github.com/hallgren/eventsourcing v0.0.15-0.20210313144026-b38f9554394c/go.mod h1:rODloJ0HuAQ4fGafaKciOMA/6vyTuCA01Ht1hyK2EWA=
github.com/hallgren/eventsourcing v0.0.15-0.20210314145608-b55ddc5cb95b h1:WgcXIYe0SR79q+5AAhJXwmkYrRdPfG2bhJ8iaTTm/Uw=
github.com/hallgren/eventsourcing v0.0.15-0.20210314145608-b55ddc5cb95b/go.mod h1:rODloJ0HuAQ4fGafaKciOMA/6vyTuCA01Ht1hyK2EWA=
github.com/hallgren/eventsourcing v0.0.15 h1:frMhbjokgNcFPmCSaxi2RNKwJLp04GPd0/Vx7qXLFAY=
github.com/hallgren/eventsourcing v0.0.15/go.mod h1:rODloJ0HuAQ4fGafaKciOMA/6vyTuCA01Ht1hyK2EWA=
github.com/hallgren/eventsourcing v0.0.16 h1:mE7FCyvKsjUMUT872wnoEF9RI9hzdp2FXOpQ8HdYK64=
github.com/hallgren/eventsourcing v0.0.16/go.mod h1:rODloJ0HuAQ4fGafaKciOMA/6vyTuCA01Ht1hyK2EWA=
github.com/hallgren/eventsourcing v0.0.17-0.20210416123647-9984a8d1d11c h1:aWd2q9tG2KIb0jEeznJEpfYXr5yBcLepeT+EwwIf4vU=
github.com/hallgren/eventsourcing v0.0.17-0.20210416123647-9984a8d1d11c/go.mod h1:rODloJ0HuAQ4fGafaKciOMA/6vyTuCA01Ht1hyK2EWA=
github.com/hallgren/eventsourcing v0.0.17-0.20211026183521-6546ece25aa6 h1:vWvqLj6/f2LOZiJr0TtLK3QkAPUGY5uQQ/w7p3Xa4dE=
github.com/hallgren/eventsourcing v0.0.17-0.20211026183521-6546ece25aa6/go.mod h1:rODloJ0HuAQ4fGafaKciOMA/6vyTuCA01Ht1hyK2EWA=
github.com/hallgren/eventsourcing v0.0.17 h1:q0238t2Idswm2YYx03y+73O4ik/PIgMjgJyco1gkwDY=
github.com/hallgren/eventsourcing v0.0.17/go.mod h1:rODloJ0HuAQ4fGafaKciOMA/6vyTuCA01Ht1hyK2EWA=
github.com/hallgren/eventsourcing v0.0.18-0.20211221094849-f9df34ba1774 h1:bBAhj/sdwbzFVuQ86t/1g84PNrWwfTbIm600OlfGmj0=
github.com/hallgren/eventsourcing v0.0.18-0.20211221094849-f9df34ba1774/go.mod h1:rODloJ0HuAQ4fGafaKciOMA/6vyTuCA01Ht1hyK2EWA=
github.com/hallgren/eventsourcing v0.0.18 h1:gHhT32bXakIOsE53dNDsw053AJESAUCDyQqgYy6sAxo=
github.com/hallgren/eventsourcing v0.0.18/go.mod h1:rODloJ0HuAQ4fGafaKciOMA/6vyTuCA01Ht1hyK2EWA=
github.com/hallgren/eventsourcing v0.0.19-0.20220112075710-12ad94b190ba h1:1KewoQyQ5c8QIaP5RrjGbAoE/XCnD/0hguC8Aw4lfiM=
github.com/hallgren/eventsourcing v0.0.19-0.20220112075710-12ad94b190ba/go.mod h1:rODloJ0HuAQ4fGafaKciOMA/6vyTuCA01Ht1hyK2EWA=
go.etcd.io/bbolt v1.3.4 h1:hi1bXHMVrlQh6WwxAy+qZCV/SYIlqo+Ushwdpa4tAKg=
go.etcd.io/bbolt v1.3.4/go.mod h1:G5EMThwa9y8QZGBClrRx5EY+Yw9kAhnjy3bSjsnlVTQ=
go.etcd.io/bbolt v1.3.5 h1:XAzx9gjCb0Rxj7EoqcClPD1d5ZBxZJk0jbuoPHenBt0=
go.etcd.io/bbolt v1.3.5/go.mod h1:G5EMThwa9y8QZGBClrRx5EY+Yw9kAhnjy3bSjsnlVTQ=
go.etcd.io/bbolt v1.3.6 h1:/ecaJf0sk1l4l6V4awd65v2C3ILy7MSj+s/x1ADCIMU=
go.etcd.io/bbolt v1.3.6/go.mod h1:qXsaaIqmgQH0T+OPdb99Bf+PKfBBQVAdyD6TY9G8XM4=
golang.org/x/sys v0.0.0-20200202164722-d101bd2416d5 h1:LfCXLvNmTYH9kEmVgqbnsWfruoXZIrh4YBgqVHtDvw0=
golang.org/x/sys v0.0.0-20200202164722-d101bd2416d5/go.mod h1:h1NjWce9XRLGQEsW7wpKNCjG9DtNlClVuFLEZdDNbEs=
golang.org/x/sys v0.0.0-20200923182605-d9f96fdee20d/go.mod h1:h1NjWce9XRLGQEsW7wpKNCjG9DtNlClVuFLEZdDNbEs=
golang.org/x/sys v0.0.0-20210601080250-7ecdf8ef093b h1:qh4f65QIVFjq9eBURLEYWqaEXmOyqdUyiBSgaXWccWk=
golang.org/x/sys v0.0.0-20210601080250-7ecdf8ef093b/go.mod h1:oPkhp1MJrh7nUepCBck5+mAzfO9JrbApNNgaTdGDITg=
golang.org/x/sys v0.0.0-20211124211545-fe61309f8881 h1:TyHqChC80pFkXWraUUf6RuB5IqFdQieMLwwCJokV2pc=
golang.org/x/sys v0.0.0-20211124211545-fe61309f8881/go.mod h1:oPkhp1MJrh7nUepCBck5+mAzfO9JrbApNNgaTdGDITg=
golang.org/x/sys v0.0.0-20211216021012-1d35b9e2eb4e h1:fLOSk5Q00efkSvAm+4xcoXD+RRmLmmulPn5I3Y9F2EM=
golang.org/x/sys v0.0.0-20211216021012-1d35b9e2eb4e/go.mod h1:oPkhp1MJrh7nUepCBck5+mAzfO9JrbApNNgaTdGDITg=
